# This file is generated by running "yarn install" inside your project.
# Manual changes might be lost - proceed with caution!

__metadata:
  version: 8
  cacheKey: 10c0

"@synthetixio/assets@workspace:.":
  version: 0.0.0-use.local
  resolution: "@synthetixio/assets@workspace:."
  dependencies:
    svgo: "npm:^3.3.2"
  languageName: unknown
  linkType: soft

"@trysound/sax@npm:0.2.0":
  version: 0.2.0
  resolution: "@trysound/sax@npm:0.2.0"
  checksum: 10c0/44907308549ce775a41c38a815f747009ac45929a45d642b836aa6b0a536e4978d30b8d7d680bbd116e9dd73b7dbe2ef0d1369dcfc2d09e83ba381e485ecbe12
  languageName: node
  linkType: hard

"boolbase@npm:^1.0.0":
  version: 1.0.0
  resolution: "boolbase@npm:1.0.0"
  checksum: 10c0/e4b53deb4f2b85c52be0e21a273f2045c7b6a6ea002b0e139c744cb6f95e9ec044439a52883b0d74dedd1ff3da55ed140cfdddfed7fb0cccbed373de5dce1bcf
  languageName: node
  linkType: hard

"commander@npm:^7.2.0":
  version: 7.2.0
  resolution: "commander@npm:7.2.0"
  checksum: 10c0/8d690ff13b0356df7e0ebbe6c59b4712f754f4b724d4f473d3cc5b3fdcf978e3a5dc3078717858a2ceb50b0f84d0660a7f22a96cdc50fb877d0c9bb31593d23a
  languageName: node
  linkType: hard

"css-select@npm:^5.1.0":
  version: 5.1.0
  resolution: "css-select@npm:5.1.0"
  dependencies:
    boolbase: "npm:^1.0.0"
    css-what: "npm:^6.1.0"
    domhandler: "npm:^5.0.2"
    domutils: "npm:^3.0.1"
    nth-check: "npm:^2.0.1"
  checksum: 10c0/551c60dba5b54054741032c1793b5734f6ba45e23ae9e82761a3c0ed1acbb8cfedfa443aaba3a3c1a54cac12b456d2012a09d2cd5f0e82e430454c1b9d84d500
  languageName: node
  linkType: hard

"css-tree@npm:^2.3.1":
  version: 2.3.1
  resolution: "css-tree@npm:2.3.1"
  dependencies:
    mdn-data: "npm:2.0.30"
    source-map-js: "npm:^1.0.1"
  checksum: 10c0/6f8c1a11d5e9b14bf02d10717fc0351b66ba12594166f65abfbd8eb8b5b490dd367f5c7721db241a3c792d935fc6751fbc09f7e1598d421477ad9fadc30f4f24
  languageName: node
  linkType: hard

"css-tree@npm:~2.2.0":
  version: 2.2.1
  resolution: "css-tree@npm:2.2.1"
  dependencies:
    mdn-data: "npm:2.0.28"
    source-map-js: "npm:^1.0.1"
  checksum: 10c0/47e87b0f02f8ac22f57eceb65c58011dd142d2158128882a0bf963cf2eabb81a4ebbc2e3790c8289be7919fa8b83750c7b69272bd66772c708143b772ba3c186
  languageName: node
  linkType: hard

"css-what@npm:^6.1.0":
  version: 6.1.0
  resolution: "css-what@npm:6.1.0"
  checksum: 10c0/a09f5a6b14ba8dcf57ae9a59474722e80f20406c53a61e9aedb0eedc693b135113ffe2983f4efc4b5065ae639442e9ae88df24941ef159c218b231011d733746
  languageName: node
  linkType: hard

"csso@npm:^5.0.5":
  version: 5.0.5
  resolution: "csso@npm:5.0.5"
  dependencies:
    css-tree: "npm:~2.2.0"
  checksum: 10c0/ab4beb1e97dd7e207c10e9925405b45f15a6cd1b4880a8686ad573aa6d476aed28b4121a666cffd26c37a26179f7b54741f7c257543003bfb244d06a62ad569b
  languageName: node
  linkType: hard

"dom-serializer@npm:^2.0.0":
  version: 2.0.0
  resolution: "dom-serializer@npm:2.0.0"
  dependencies:
    domelementtype: "npm:^2.3.0"
    domhandler: "npm:^5.0.2"
    entities: "npm:^4.2.0"
  checksum: 10c0/d5ae2b7110ca3746b3643d3ef60ef823f5f078667baf530cec096433f1627ec4b6fa8c072f09d079d7cda915fd2c7bc1b7b935681e9b09e591e1e15f4040b8e2
  languageName: node
  linkType: hard

"domelementtype@npm:^2.3.0":
  version: 2.3.0
  resolution: "domelementtype@npm:2.3.0"
  checksum: 10c0/686f5a9ef0fff078c1412c05db73a0dce096190036f33e400a07e2a4518e9f56b1e324f5c576a0a747ef0e75b5d985c040b0d51945ce780c0dd3c625a18cd8c9
  languageName: node
  linkType: hard

"domhandler@npm:^5.0.2, domhandler@npm:^5.0.3":
  version: 5.0.3
  resolution: "domhandler@npm:5.0.3"
  dependencies:
    domelementtype: "npm:^2.3.0"
  checksum: 10c0/bba1e5932b3e196ad6862286d76adc89a0dbf0c773e5ced1eb01f9af930c50093a084eff14b8de5ea60b895c56a04d5de8bbc4930c5543d029091916770b2d2a
  languageName: node
  linkType: hard

"domutils@npm:^3.0.1":
  version: 3.1.0
  resolution: "domutils@npm:3.1.0"
  dependencies:
    dom-serializer: "npm:^2.0.0"
    domelementtype: "npm:^2.3.0"
    domhandler: "npm:^5.0.3"
  checksum: 10c0/342d64cf4d07b8a0573fb51e0a6312a88fb520c7fefd751870bf72fa5fc0f2e0cb9a3958a573610b1d608c6e2a69b8e9b4b40f0bfb8f87a71bce4f180cca1887
  languageName: node
  linkType: hard

"entities@npm:^4.2.0":
  version: 4.5.0
  resolution: "entities@npm:4.5.0"
  checksum: 10c0/5b039739f7621f5d1ad996715e53d964035f75ad3b9a4d38c6b3804bb226e282ffeae2443624d8fdd9c47d8e926ae9ac009c54671243f0c3294c26af7cc85250
  languageName: node
  linkType: hard

"mdn-data@npm:2.0.28":
  version: 2.0.28
  resolution: "mdn-data@npm:2.0.28"
  checksum: 10c0/20000932bc4cd1cde9cba4e23f08cc4f816398af4c15ec81040ed25421d6bf07b5cf6b17095972577fb498988f40f4cb589e3169b9357bb436a12d8e07e5ea7b
  languageName: node
  linkType: hard

"mdn-data@npm:2.0.30":
  version: 2.0.30
  resolution: "mdn-data@npm:2.0.30"
  checksum: 10c0/a2c472ea16cee3911ae742593715aa4c634eb3d4b9f1e6ada0902aa90df13dcbb7285d19435f3ff213ebaa3b2e0c0265c1eb0e3fb278fda7f8919f046a410cd9
  languageName: node
  linkType: hard

"nth-check@npm:^2.0.1":
  version: 2.1.1
  resolution: "nth-check@npm:2.1.1"
  dependencies:
    boolbase: "npm:^1.0.0"
  checksum: 10c0/5fee7ff309727763689cfad844d979aedd2204a817fbaaf0e1603794a7c20db28548d7b024692f953557df6ce4a0ee4ae46cd8ebd9b36cfb300b9226b567c479
  languageName: node
  linkType: hard

"picocolors@npm:^1.0.0":
  version: 1.1.1
  resolution: "picocolors@npm:1.1.1"
  checksum: 10c0/e2e3e8170ab9d7c7421969adaa7e1b31434f789afb9b3f115f6b96d91945041ac3ceb02e9ec6fe6510ff036bcc0bf91e69a1772edc0b707e12b19c0f2d6bcf58
  languageName: node
  linkType: hard

"source-map-js@npm:^1.0.1":
  version: 1.2.1
  resolution: "source-map-js@npm:1.2.1"
  checksum: 10c0/7bda1fc4c197e3c6ff17de1b8b2c20e60af81b63a52cb32ec5a5d67a20a7d42651e2cb34ebe93833c5a2a084377e17455854fee3e21e7925c64a51b6a52b0faf
  languageName: node
  linkType: hard

"svgo@npm:^3.3.2":
  version: 3.3.2
  resolution: "svgo@npm:3.3.2"
  dependencies:
    "@trysound/sax": "npm:0.2.0"
    commander: "npm:^7.2.0"
    css-select: "npm:^5.1.0"
    css-tree: "npm:^2.3.1"
    css-what: "npm:^6.1.0"
    csso: "npm:^5.0.5"
    picocolors: "npm:^1.0.0"
  bin:
    svgo: ./bin/svgo
  checksum: 10c0/a6badbd3d1d6dbb177f872787699ab34320b990d12e20798ecae915f0008796a0f3c69164f1485c9def399e0ce0a5683eb4a8045e51a5e1c364bb13a0d9f79e1
  languageName: node
  linkType: hard
